Terraform used the selected providers to generate the following execution
plan. Resource actions are indicated with the following symbols:
  + create

Terraform will perform the following actions:

  # docker_container.nginx_container will be created
  + resource "docker_container" "nginx_container" {
      + attach           = false
      + bridge           = (known after apply)
      + command          = (known after apply)
      + container_logs   = (known after apply)
      + entrypoint       = (known after apply)
      + env              = []
      + exit_code        = (known after apply)
      + gateway          = (known after apply)
      + hostname         = (known after apply)
      + id               = (known after apply)
      + image            = "sha256:e3ed3e248232914416de6d0d43a055de7403166820f7797b41198b1eef7cf8d1"
      + init             = (known after apply)
      + ip_address       = (known after apply)
      + ip_prefix_length = (known after apply)
      + ipc_mode         = (known after apply)
      + log_driver       = "json-file"
      + logs             = false
      + must_run         = true
      + name             = "my-nginx-container"
      + network_data     = (known after apply)
      + read_only        = false
      + remove_volumes   = true
      + restart          = "no"
      + rm               = false
      + security_opts    = []
      + shm_size         = (known after apply)
      + start            = true
      + stdin_open       = false
      + tty              = false

      + ports {
          + external = 8080
          + internal = 80
          + ip       = "0.0.0.0"
          + protocol = "tcp"
        }
    }

  # docker_image.nginx will be created
  + resource "docker_image" "nginx" {
      + id           = (known after apply)
      + image_id     = (known after apply)
      + keep_locally = false
      + latest       = (known after apply)
      + name         = "nginx:latest"
      + output       = (known after apply)
      + repo_digest  = (known after apply)
    }

Plan: 2 to add, 0 to change, 0 to destroy.

Do you want to perform these actions?
  Terraform will perform the actions described above.
  Only 'yes' will be accepted to approve.

  Enter a value: yes

docker_image.nginx: Creating...
docker_image.nginx: Creation complete after 2s [id=sha256:e3ed3e248232914416de6d0d43a055de7403166820f7797b41198b1eef7cf8d1nginx:latest]
docker_container.nginx_container: Creating...
docker_container.nginx_container: Creation complete after 1s [id=a728e6a1fbe1c7b80537024f2316213763f3531b67e436791e84d5a413f28d58]

Apply complete! Resources: 2 added, 0 changed, 0 destroyed.
